// !$*UTF8*$!
{
	archiveVersion = 1;
	classes = {
	};
	objectVersion = 56;
	objects = {

/* Begin PBXBuildFile section */
		4169DD562B0676F8000F7AAA /* audioAppApp.swift in Sources */ = {isa = PBXBuildFile; fileRef = 4169DD552B0676F8000F7AAA /* audioAppApp.swift */; };
		4169DD582B0676F8000F7AAA /* ContentView.swift in Sources */ = {isa = PBXBuildFile; fileRef = 4169DD572B0676F8000F7AAA /* ContentView.swift */; };
		4169DD5A2B0676FA000F7AAA /* Assets.xcassets in Resources */ = {isa = PBXBuildFile; fileRef = 4169DD592B0676FA000F7AAA /* Assets.xcassets */; };
		4169DD5D2B0676FA000F7AAA /* Preview Assets.xcassets in Resources */ = {isa = PBXBuildFile; fileRef = 4169DD5C2B0676FA000F7AAA /* Preview Assets.xcassets */; };
		4169DD672B0676FA000F7AAA /* audioAppTests.swift in Sources */ = {isa = PBXBuildFile; fileRef = 4169DD662B0676FA000F7AAA /* audioAppTests.swift */; };
		4169DD712B0676FA000F7AAA /* audioAppUITests.swift in Sources */ = {isa = PBXBuildFile; fileRef = 4169DD702B0676FA000F7AAA /* audioAppUITests.swift */; };
		4169DD732B0676FA000F7AAA /* audioAppUITestsLaunchTests.swift in Sources */ = {isa = PBXBuildFile; fileRef = 4169DD722B0676FA000F7AAA /* audioAppUITestsLaunchTests.swift */; };
/* End PBXBuildFile section */

/* Begin PBXContainerItemProxy section */
		4169DD632B0676FA000F7AAA /* PBXContainerItemProxy */ = {
			isa = PBXContainerItemProxy;
			containerPortal = 4169DD4A2B0676F8000F7AAA /* Project object */;
			proxyType = 1;
			remoteGlobalIDString = 4169DD512B0676F8000F7AAA;
			remoteInfo = audioApp;
		};
		4169DD6D2B0676FA000F7AAA /* PBXContainerItemProxy */ = {
			isa = PBXContainerItemProxy;
			containerPortal = 4169DD4A2B0676F8000F7AAA /* Project object */;
			proxyType = 1;
			remoteGlobalIDString = 4169DD512B0676F8000F7AAA;
			remoteInfo = audioApp;
		};
/* End PBXContainerItemProxy section */

/* Begin PBXFileReference section */
		4169DD522B0676F8000F7AAA /* audioApp.app */ = {isa = PBXFileReference; explicitFileType = wrapper.application; includeInIndex = 0; path = audioApp.app; sourceTree = BUILT_PRODUCTS_DIR; };
		4169DD552B0676F8000F7AAA /* audioAppApp.swift */ = {isa = PBXFileReference; lastKnownFileType = sourcecode.swift; path = audioAppApp.swift; sourceTree = "<group>"; };
		4169DD572B0676F8000F7AAA /* ContentView.swift */ = {isa = PBXFileReference; lastKnownFileType = sourcecode.swift; path = ContentView.swift; sourceTree = "<group>"; };
		4169DD592B0676FA000F7AAA /* Assets.xcassets */ = {isa = PBXFileReference; lastKnownFileType = folder.assetcatalog; path = Assets.xcassets; sourceTree = "<group>"; };
		4169DD5C2B0676FA000F7AAA /* Preview Assets.xcassets */ = {isa = PBXFileReference; lastKnownFileType = folder.assetcatalog; path = "Preview Assets.xcassets"; sourceTree = "<group>"; };
		4169DD622B0676FA000F7AAA /* audioAppTests.xctest */ = {isa = PBXFileReference; explicitFileType = wrapper.cfbundle; includeInIndex = 0; path = audioAppTests.xctest; sourceTree = BUILT_PRODUCTS_DIR; };
		4169DD662B0676FA000F7AAA /* audioAppTests.swift */ = {isa = PBXFileReference; lastKnownFileType = sourcecode.swift; path = audioAppTests.swift; sourceTree = "<group>"; };
		4169DD6C2B0676FA000F7AAA /* audioAppUITests.xctest */ = {isa = PBXFileReference; explicitFileType = wrapper.cfbundle; includeInIndex = 0; path = audioAppUITests.xctest; sourceTree = BUILT_PRODUCTS_DIR; };
		4169DD702B0676FA000F7AAA /* audioAppUITests.swift */ = {isa = PBXFileReference; lastKnownFileType = sourcecode.swift; path = audioAppUITests.swift; sourceTree = "<group>"; };
		4169DD722B0676FA000F7AAA /* audioAppUITestsLaunchTests.swift */ = {isa = PBXFileReference; lastKnownFileType = sourcecode.swift; path = audioAppUITestsLaunchTests.swift; sourceTree = "<group>"; };
		4169DD7F2B0677A5000F7AAA /* Info.plist */ = {isa = PBXFileReference; lastKnownFileType = text.plist; path = Info.plist; sourceTree = "<group>"; };
/* End PBXFileReference section */

/* Begin PBXFrameworksBuildPhase section */
		4169DD4F2B0676F8000F7AAA /* Frameworks */ = {
			isa = PBXFrameworksBuildPhase;
			buildActionMask = 2147483647;
			files = (
			);
			runOnlyForDeploymentPostprocessing = 0;
		};
		4169DD5F2B0676FA000F7AAA /* Frameworks */ = {
			isa = PBXFrameworksBuildPhase;
			buildActionMask = 2147483647;
			files = (
			);
			runOnlyForDeploymentPostprocessing = 0;
		};
		4169DD692B0676FA000F7AAA /* Frameworks */ = {
			isa = PBXFrameworksBuildPhase;
			buildActionMask = 2147483647;
			files = (
			);
			runOnlyForDeploymentPostprocessing = 0;
		};
/* End PBXFrameworksBuildPhase section */

/* Begin PBXGroup section */
		4169DD492B0676F8000F7AAA = {
			isa = PBXGroup;
			children = (
				4169DD542B0676F8000F7AAA /* audioApp */,
				4169DD652B0676FA000F7AAA /* audioAppTests */,
				4169DD6F2B0676FA000F7AAA /* audioAppUITests */,
				4169DD532B0676F8000F7AAA /* Products */,
			);
			sourceTree = "<group>";
		};
		4169DD532B0676F8000F7AAA /* Products */ = {
			isa = PBXGroup;
			children = (
				4169DD522B0676F8000F7AAA /* audioApp.app */,
				4169DD622B0676FA000F7AAA /* audioAppTests.xctest */,
				4169DD6C2B0676FA000F7AAA /* audioAppUITests.xctest */,
			);
			name = Products;
			sourceTree = "<group>";
		};
		4169DD542B0676F8000F7AAA /* audioApp */ = {
			isa = PBXGroup;
			children = (
				4169DD7F2B0677A5000F7AAA /* Info.plist */,
				4169DD552B0676F8000F7AAA /* audioAppApp.swift */,
				4169DD572B0676F8000F7AAA /* ContentView.swift */,
				4169DD592B0676FA000F7AAA /* Assets.xcassets */,
				4169DD5B2B0676FA000F7AAA /* Preview Content */,
			);
			path = audioApp;
			sourceTree = "<group>";
		};
		4169DD5B2B0676FA000F7AAA /* Preview Content */ = {
			isa = PBXGroup;
			children = (
				4169DD5C2B0676FA000F7AAA /* Preview Assets.xcassets */,
			);
			path = "Preview Content";
			sourceTree = "<group>";
		};
		4169DD652B0676FA000F7AAA /* audioAppTests */ = {
			isa = PBXGroup;
			children = (
				4169DD662B0676FA000F7AAA /* audioAppTests.swift */,
			);
			path = audioAppTests;
			sourceTree = "<group>";
		};
		4169DD6F2B0676FA000F7AAA /* audioAppUITests */ = {
			isa = PBXGroup;
			children = (
				4169DD702B0676FA000F7AAA /* audioAppUITests.swift */,
				4169DD722B0676FA000F7AAA /* audioAppUITestsLaunchTests.swift */,
			);
			path = audioAppUITests;
			sourceTree = "<group>";
		};
/* End PBXGroup section */

/* Begin PBXNativeTarget section */
		4169DD512B0676F8000F7AAA /* audioApp */ = {
			isa = PBXNativeTarget;
			buildConfigurationList = 4169DD762B0676FA000F7AAA /* Build configuration list for PBXNativeTarget "audioApp" */;
			buildPhases = (
				4169DD4E2B0676F8000F7AAA /* Sources */,
				4169DD4F2B0676F8000F7AAA /* Frameworks */,
				4169DD502B0676F8000F7AAA /* Resources */,
			);
			buildRules = (
			);
			dependencies = (
			);
			name = audioApp;
			productName = audioApp;
			productReference = 4169DD522B0676F8000F7AAA /* audioApp.app */;
			productType = "com.apple.product-type.application";
		};
		4169DD612B0676FA000F7AAA /* audioAppTests */ = {
			isa = PBXNativeTarget;
			buildConfigurationList = 4169DD792B0676FA000F7AAA /* Build configuration list for PBXNativeTarget "audioAppTests" */;
			buildPhases = (
				4169DD5E2B0676FA000F7AAA /* Sources */,
				4169DD5F2B0676FA000F7AAA /* Frameworks */,
				4169DD602B0676FA000F7AAA /* Resources */,
			);
			buildRules = (
			);
			dependencies = (
				4169DD642B0676FA000F7AAA /* PBXTargetDependency */,
			);
			name = audioAppTests;
			productName = audioAppTests;
			productReference = 4169DD622B0676FA000F7AAA /* audioAppTests.xctest */;
			productType = "com.apple.product-type.bundle.unit-test";
		};
		4169DD6B2B0676FA000F7AAA /* audioAppUITests */ = {
			isa = PBXNativeTarget;
			buildConfigurationList = 4169DD7C2B0676FA000F7AAA /* Build configuration list for PBXNativeTarget "audioAppUITests" */;
			buildPhases = (
				4169DD682B0676FA000F7AAA /* Sources */,
				4169DD692B0676FA000F7AAA /* Frameworks */,
				4169DD6A2B0676FA000F7AAA /* Resources */,
			);
			buildRules = (
			);
			dependencies = (
				4169DD6E2B0676FA000F7AAA /* PBXTargetDependency */,
			);
			name = audioAppUITests;
			productName = audioAppUITests;
			productReference = 4169DD6C2B0676FA000F7AAA /* audioAppUITests.xctest */;
			productType = "com.apple.product-type.bundle.ui-testing";
		};
/* End PBXNativeTarget section */

/* Begin PBXProject section */
		4169DD4A2B0676F8000F7AAA /* Project object */ = {
			isa = PBXProject;
			attributes = {
				BuildIndependentTargetsInParallel = 1;
				LastSwiftUpdateCheck = 1420;
				LastUpgradeCheck = 1420;
				TargetAttributes = {
					4169DD512B0676F8000F7AAA = {
						CreatedOnToolsVersion = 14.2;
					};
					4169DD612B0676FA000F7AAA = {
						CreatedOnToolsVersion = 14.2;
						TestTargetID = 4169DD512B0676F8000F7AAA;
					};
					4169DD6B2B0676FA000F7AAA = {
						CreatedOnToolsVersion = 14.2;
						TestTargetID = 4169DD512B0676F8000F7AAA;
					};
				};
			};
			buildConfigurationList = 4169DD4D2B0676F8000F7AAA /* Build configuration list for PBXProject "audioApp" */;
			compatibilityVersion = "Xcode 14.0";
			developmentRegion = en;
			hasScannedForEncodings = 0;
			knownRegions = (
				en,
				Base,
			);
			mainGroup = 4169DD492B0676F8000F7AAA;
			productRefGroup = 4169DD532B0676F8000F7AAA /* Products */;
			projectDirPath = "";
			projectRoot = "";
			targets = (
				4169DD512B0676F8000F7AAA /* audioApp */,
				4169DD612B0676FA000F7AAA /* audioAppTests */,
				4169DD6B2B0676FA000F7AAA /* audioAppUITests */,
			);
		};
/* End PBXProject section */

/* Begin PBXResourcesBuildPhase section */
		4169DD502B0676F8000F7AAA /* Resources */ = {
			isa = PBXResourcesBuildPhase;
			buildActionMask = 2147483647;
			files = (
				4169DD5D2B0676FA000F7AAA /* Preview Assets.xcassets in Resources */,
				4169DD5A2B0676FA000F7AAA /* Assets.xcassets in Resources */,
			);
			runOnlyForDeploymentPostprocessing = 0;
		};
		4169DD602B0676FA000F7AAA /* Resources */ = {
			isa = PBXResourcesBuildPhase;
			buildActionMask = 2147483647;
			files = (
			);
			runOnlyForDeploymentPostprocessing = 0;
		};
		4169DD6A2B0676FA000F7AAA /* Resources */ = {
			isa = PBXResourcesBuildPhase;
			buildActionMask = 2147483647;
			files = (
			);
			runOnlyForDeploymentPostprocessing = 0;
		};
/* End PBXResourcesBuildPhase section */

/* Begin PBXSourcesBuildPhase section */
		4169DD4E2B0676F8000F7AAA /* Sources */ = {
			isa = PBXSourcesBuildPhase;
			buildActionMask = 2147483647;
			files = (
				4169DD582B0676F8000F7AAA /* ContentView.swift in Sources */,
				4169DD562B0676F8000F7AAA /* audioAppApp.swift in Sources */,
			);
			runOnlyForDeploymentPostprocessing = 0;
		};
		4169DD5E2B0676FA000F7AAA /* Sources */ = {
			isa = PBXSourcesBuildPhase;
			buildActionMask = 2147483647;
			files = (
				4169DD672B0676FA000F7AAA /* audioAppTests.swift in Sources */,
			);
			runOnlyForDeploymentPostprocessing = 0;
		};
		4169DD682B0676FA000F7AAA /* Sources */ = {
			isa = PBXSourcesBuildPhase;
			buildActionMask = 2147483647;
			files = (
				4169DD732B0676FA000F7AAA /* audioAppUITestsLaunchTests.swift in Sources */,
				4169DD712B0676FA000F7AAA /* audioAppUITests.swift in Sources */,
			);
			runOnlyForDeploymentPostprocessing = 0;
		};
/* End PBXSourcesBuildPhase section */

/* Begin PBXTargetDependency section */
		4169DD642B0676FA000F7AAA /* PBXTargetDependency */ = {
			isa = PBXTargetDependency;
			target = 4169DD512B0676F8000F7AAA /* audioApp */;
			targetProxy = 4169DD632B0676FA000F7AAA /* PBXContainerItemProxy */;
		};
		4169DD6E2B0676FA000F7AAA /* PBXTargetDependency */ = {
			isa = PBXTargetDependency;
			target = 4169DD512B0676F8000F7AAA /* audioApp */;
			targetProxy = 4169DD6D2B0676FA000F7AAA /* PBXContainerItemProxy */;
		};
/* End PBXTargetDependency section */

/* Begin XCBuildConfiguration section */
		4169DD742B0676FA000F7AAA /* Debug */ = {
			isa = XCBuildConfiguration;
			buildSettings = {
				ALWAYS_SEARCH_USER_PATHS = NO;
				CLANG_ANALYZER_NONNULL = YES;
				CLANG_ANALYZER_NUMBER_OBJECT_CONVERSION = YES_AGGRESSIVE;
				CLANG_CXX_LANGUAGE_STANDARD = "gnu++20";
				CLANG_ENABLE_MODULES = YES;
				CLANG_ENABLE_OBJC_ARC = YES;
				CLANG_ENABLE_OBJC_WEAK = YES;
				CLANG_WARN_BLOCK_CAPTURE_AUTORELEASING = YES;
				CLANG_WARN_BOOL_CONVERSION = YES;
				CLANG_WARN_COMMA = YES;
				CLANG_WARN_CONSTANT_CONVERSION = YES;
				CLANG_WARN_DEPRECATED_OBJC_IMPLEMENTATIONS = YES;
				CLANG_WARN_DIRECT_OBJC_ISA_USAGE = YES_ERROR;
				CLANG_WARN_DOCUMENTATION_COMMENTS = YES;
				CLANG_WARN_EMPTY_BODY = YES;
				CLANG_WARN_ENUM_CONVERSION = YES;
				CLANG_WARN_INFINITE_RECURSION = YES;
				CLANG_WARN_INT_CONVERSION = YES;
				CLANG_WARN_NON_LITERAL_NULL_CONVERSION = YES;
				CLANG_WARN_OBJC_IMPLICIT_RETAIN_SELF = YES;
				CLANG_WARN_OBJC_LITERAL_CONVERSION = YES;
				CLANG_WARN_OBJC_ROOT_CLASS = YES_ERROR;
				CLANG_WARN_QUOTED_INCLUDE_IN_FRAMEWORK_HEADER = YES;
				CLANG_WARN_RANGE_LOOP_ANALYSIS = YES;
				CLANG_WARN_STRICT_PROTOTYPES = YES;
				CLANG_WARN_SUSPICIOUS_MOVE = YES;
				CLANG_WARN_UNGUARDED_AVAILABILITY = YES_AGGRESSIVE;
				CLANG_WARN_UNREACHABLE_CODE = YES;
				CLANG_WARN__DUPLICATE_METHOD_MATCH = YES;
				COPY_PHASE_STRIP = NO;
				DEBUG_INFORMATION_FORMAT = dwarf;
				ENABLE_STRICT_OBJC_MSGSEND = YES;
				ENABLE_TESTABILITY = YES;
				GCC_C_LANGUAGE_STANDARD = gnu11;
				GCC_DYNAMIC_NO_PIC = NO;
				GCC_NO_COMMON_BLOCKS = YES;
				GCC_OPTIMIZATION_LEVEL = 0;
				GCC_PREPROCESSOR_DEFINITIONS = (
					"DEBUG=1",
					"$(inherited)",
				);
				GCC_WARN_64_TO_32_BIT_CONVERSION = YES;
				GCC_WARN_ABOUT_RETURN_TYPE = YES_ERROR;
				GCC_WARN_UNDECLARED_SELECTOR = YES;
				GCC_WARN_UNINITIALIZED_AUTOS = YES_AGGRESSIVE;
				GCC_WARN_UNUSED_FUNCTION = YES;
				GCC_WARN_UNUSED_VARIABLE = YES;
				IPHONEOS_DEPLOYMENT_TARGET = 16.2;
				MTL_ENABLE_DEBUG_INFO = INCLUDE_SOURCE;
				MTL_FAST_MATH = YES;
				ONLY_ACTIVE_ARCH = YES;
				SDKROOT = iphoneos;
				SWIFT_ACTIVE_COMPILATION_CONDITIONS = DEBUG;
				SWIFT_OPTIMIZATION_LEVEL = "-Onone";
			};
			name = Debug;
		};
		4169DD752B0676FA000F7AAA /* Release */ = {
			isa = XCBuildConfiguration;
			buildSettings = {
				ALWAYS_SEARCH_USER_PATHS = NO;
				CLANG_ANALYZER_NONNULL = YES;
				CLANG_ANALYZER_NUMBER_OBJECT_CONVERSION = YES_AGGRESSIVE;
				CLANG_CXX_LANGUAGE_STANDARD = "gnu++20";
				CLANG_ENABLE_MODULES = YES;
				CLANG_ENABLE_OBJC_ARC = YES;
				CLANG_ENABLE_OBJC_WEAK = YES;
				CLANG_WARN_BLOCK_CAPTURE_AUTORELEASING = YES;
				CLANG_WARN_BOOL_CONVERSION = YES;
				CLANG_WARN_COMMA = YES;
				CLANG_WARN_CONSTANT_CONVERSION = YES;
				CLANG_WARN_DEPRECATED_OBJC_IMPLEMENTATIONS = YES;
				CLANG_WARN_DIRECT_OBJC_ISA_USAGE = YES_ERROR;
				CLANG_WARN_DOCUMENTATION_COMMENTS = YES;
				CLANG_WARN_EMPTY_BODY = YES;
				CLANG_WARN_ENUM_CONVERSION = YES;
				CLANG_WARN_INFINITE_RECURSION = YES;
				CLANG_WARN_INT_CONVERSION = YES;
				CLANG_WARN_NON_LITERAL_NULL_CONVERSION = YES;
				CLANG_WARN_OBJC_IMPLICIT_RETAIN_SELF = YES;
				CLANG_WARN_OBJC_LITERAL_CONVERSION = YES;
				CLANG_WARN_OBJC_ROOT_CLASS = YES_ERROR;
				CLANG_WARN_QUOTED_INCLUDE_IN_FRAMEWORK_HEADER = YES;
				CLANG_WARN_RANGE_LOOP_ANALYSIS = YES;
				CLANG_WARN_STRICT_PROTOTYPES = YES;
				CLANG_WARN_SUSPICIOUS_MOVE = YES;
				CLANG_WARN_UNGUARDED_AVAILABILITY = YES_AGGRESSIVE;
				CLANG_WARN_UNREACHABLE_CODE = YES;
				CLANG_WARN__DUPLICATE_METHOD_MATCH = YES;
				COPY_PHASE_STRIP = NO;
				DEBUG_INFORMATION_FORMAT = "dwarf-with-dsym";
				ENABLE_NS_ASSERTIONS = NO;
				ENABLE_STRICT_OBJC_MSGSEND = YES;
				GCC_C_LANGUAGE_STANDARD = gnu11;
				GCC_NO_COMMON_BLOCKS = YES;
				GCC_WARN_64_TO_32_BIT_CONVERSION = YES;
				GCC_WARN_ABOUT_RETURN_TYPE = YES_ERROR;
				GCC_WARN_UNDECLARED_SELECTOR = YES;
				GCC_WARN_UNINITIALIZED_AUTOS = YES_AGGRESSIVE;
				GCC_WARN_UNUSED_FUNCTION = YES;
				GCC_WARN_UNUSED_VARIABLE = YES;
				IPHONEOS_DEPLOYMENT_TARGET = 16.2;
				MTL_ENABLE_DEBUG_INFO = NO;
				MTL_FAST_MATH = YES;
				SDKROOT = iphoneos;
				SWIFT_COMPILATION_MODE = wholemodule;
				SWIFT_OPTIMIZATION_LEVEL = "-O";
				VALIDATE_PRODUCT = YES;
			};
			name = Release;
		};
		4169DD772B0676FA000F7AAA /* Debug */ = {
			isa = XCBuildConfiguration;
			buildSettings = {
				ASSETCATALOG_COMPILER_APPICON_NAME = AppIcon;
				ASSETCATALOG_COMPILER_GLOBAL_ACCENT_COLOR_NAME = AccentColor;
				CODE_SIGN_STYLE = Automatic;
				CURRENT_PROJECT_VERSION = 1;
				DEVELOPMENT_ASSET_PATHS = "\"audioApp/Preview Content\"";
				ENABLE_PREVIEWS = YES;
				GENERATE_INFOPLIST_FILE = YES;
				INFOPLIST_FILE = audioApp/Info.plist;
				INFOPLIST_KEY_UIApplicationSceneManifest_Generation = YES;
				INFOPLIST_KEY_UIApplicationSupportsIndirectInputEvents = YES;
				INFOPLIST_KEY_UILaunchScreen_Generation = YES;
				INFOPLIST_KEY_UISupportedInterfaceOrientations_iPad = "UIInterfaceOrientationPortrait UIInterfaceOrientationPortraitUpsideDown UIInterfaceOrientationLandscapeLeft UIInterfaceOrientationLandscapeRight";
				INFOPLIST_KEY_UISupportedInterfaceOrientations_iPhone = "UIInterfaceOrientationPortrait UIInterfaceOrientationLandscapeLeft UIInterfaceOrientationLandscapeRight";
				LD_RUNPATH_SEARCH_PATHS = (
					"$(inherited)",
					"@executable_path/Frameworks",
				);
				MARKETING_VERSION = 1.0;
				PRODUCT_BUNDLE_IDENTIFIER = Misc.audioApp;
				PRODUCT_NAME = "$(TARGET_NAME)";
				SWIFT_EMIT_LOC_STRINGS = YES;
				SWIFT_VERSION = 5.0;
				TARGETED_DEVICE_FAMILY = "1,2";
			};
			name = Debug;
		};
		4169DD782B0676FA000F7AAA /* Release */ = {
			isa = XCBuildConfiguration;
			buildSettings = {
				ASSETCATALOG_COMPILER_APPICON_NAME = AppIcon;
				ASSETCATALOG_COMPILER_GLOBAL_ACCENT_COLOR_NAME = AccentColor;
				CODE_SIGN_STYLE = Automatic;
				CURRENT_PROJECT_VERSION = 1;
				DEVELOPMENT_ASSET_PATHS = "\"audioApp/Preview Content\"";
				ENABLE_PREVIEWS = YES;
				GENERATE_INFOPLIST_FILE = YES;
				INFOPLIST_FILE = audioApp/Info.plist;
				INFOPLIST_KEY_UIApplicationSceneManifest_Generation = YES;
				INFOPLIST_KEY_UIApplicationSupportsIndirectInputEvents = YES;
				INFOPLIST_KEY_UILaunchScreen_Generation = YES;
				INFOPLIST_KEY_UISupportedInterfaceOrientations_iPad = "UIInterfaceOrientationPortrait UIInterfaceOrientationPortraitUpsideDown UIInterfaceOrientationLandscapeLeft UIInterfaceOrientationLandscapeRight";
				INFOPLIST_KEY_UISupportedInterfaceOrientations_iPhone = "UIInterfaceOrientationPortrait UIInterfaceOrientationLandscapeLeft UIInterfaceOrientationLandscapeRight";
				LD_RUNPATH_SEARCH_PATHS = (
					"$(inherited)",
					"@executable_path/Frameworks",
				);
				MARKETING_VERSION = 1.0;
				PRODUCT_BUNDLE_IDENTIFIER = Misc.audioApp;
				PRODUCT_NAME = "$(TARGET_NAME)";
				SWIFT_EMIT_LOC_STRINGS = YES;
				SWIFT_VERSION = 5.0;
				TARGETED_DEVICE_FAMILY = "1,2";
			};
			name = Release;
		};
		4169DD7A2B0676FA000F7AAA /* Debug */ = {
			isa = XCBuildConfiguration;
			buildSettings = {
				ALWAYS_EMBED_SWIFT_STANDARD_LIBRARIES = YES;
				BUNDLE_LOADER = "$(TEST_HOST)";
				CODE_SIGN_STYLE = Automatic;
				CURRENT_PROJECT_VERSION = 1;
				GENERATE_INFOPLIST_FILE = YES;
				IPHONEOS_DEPLOYMENT_TARGET = 16.2;
				MARKETING_VERSION = 1.0;
				PRODUCT_BUNDLE_IDENTIFIER = Misc.audioAppTests;
				PRODUCT_NAME = "$(TARGET_NAME)";
				SWIFT_EMIT_LOC_STRINGS = NO;
				SWIFT_VERSION = 5.0;
				TARGETED_DEVICE_FAMILY = "1,2";
				TEST_HOST = "$(BUILT_PRODUCTS_DIR)/audioApp.app/$(BUNDLE_EXECUTABLE_FOLDER_PATH)/audioApp";
			};
			name = Debug;
		};
		4169DD7B2B0676FA000F7AAA /* Release */ = {
			isa = XCBuildConfiguration;
			buildSettings = {
				ALWAYS_EMBED_SWIFT_STANDARD_LIBRARIES = YES;
				BUNDLE_LOADER = "$(TEST_HOST)";
				CODE_SIGN_STYLE = Automatic;
				CURRENT_PROJECT_VERSION = 1;
				GENERATE_INFOPLIST_FILE = YES;
				IPHONEOS_DEPLOYMENT_TARGET = 16.2;
				MARKETING_VERSION = 1.0;
				PRODUCT_BUNDLE_IDENTIFIER = Misc.audioAppTests;
				PRODUCT_NAME = "$(TARGET_NAME)";
				SWIFT_EMIT_LOC_STRINGS = NO;
				SWIFT_VERSION = 5.0;
				TARGETED_DEVICE_FAMILY = "1,2";
				TEST_HOST = "$(BUILT_PRODUCTS_DIR)/audioApp.app/$(BUNDLE_EXECUTABLE_FOLDER_PATH)/audioApp";
			};
			name = Release;
		};
		4169DD7D2B0676FA000F7AAA /* Debug */ = {
			isa = XCBuildConfiguration;
			buildSettings = {
				ALWAYS_EMBED_SWIFT_STANDARD_LIBRARIES = YES;
				CODE_SIGN_STYLE = Automatic;
				CURRENT_PROJECT_VERSION = 1;
				GENERATE_INFOPLIST_FILE = YES;
				MARKETING_VERSION = 1.0;
				PRODUCT_BUNDLE_IDENTIFIER = Misc.audioAppUITests;
				PRODUCT_NAME = "$(TARGET_NAME)";
				SWIFT_EMIT_LOC_STRINGS = NO;
				SWIFT_VERSION = 5.0;
				TARGETED_DEVICE_FAMILY = "1,2";
				TEST_TARGET_NAME = audioApp;
			};
			name = Debug;
		};
		4169DD7E2B0676FA000F7AAA /* Release */ = {
			isa = XCBuildConfiguration;
			buildSettings = {
				ALWAYS_EMBED_SWIFT_STANDARD_LIBRARIES = YES;
				CODE_SIGN_STYLE = Automatic;
				CURRENT_PROJECT_VERSION = 1;
				GENERATE_INFOPLIST_FILE = YES;
				MARKETING_VERSION = 1.0;
				PRODUCT_BUNDLE_IDENTIFIER = Misc.audioAppUITests;
				PRODUCT_NAME = "$(TARGET_NAME)";
				SWIFT_EMIT_LOC_STRINGS = NO;
				SWIFT_VERSION = 5.0;
				TARGETED_DEVICE_FAMILY = "1,2";
				TEST_TARGET_NAME = audioApp;
			};
			name = Release;
		};
/* End XCBuildConfiguration section */

/* Begin XCConfigurationList section */
		4169DD4D2B0676F8000F7AAA /* Build configuration list for PBXProject "audioApp" */ = {
			isa = XCConfigurationList;
			buildConfigurations = (
				4169DD742B0676FA000F7AAA /* Debug */,
				4169DD752B0676FA000F7AAA /* Release */,
			);
			defaultConfigurationIsVisible = 0;
			defaultConfigurationName = Release;
		};
		4169DD762B0676FA000F7AAA /* Build configuration list for PBXNativeTarget "audioApp" */ = {
			isa = XCConfigurationList;
			buildConfigurations = (
				4169DD772B0676FA000F7AAA /* Debug */,
				4169DD782B0676FA000F7AAA /* Release */,
			);
			defaultConfigurationIsVisible = 0;
			defaultConfigurationName = Release;
		};
		4169DD792B0676FA000F7AAA /* Build configuration list for PBXNativeTarget "audioAppTests" */ = {
			isa = XCConfigurationList;
			buildConfigurations = (
				4169DD7A2B0676FA000F7AAA /* Debug */,
				4169DD7B2B0676FA000F7AAA /* Release */,
			);
			defaultConfigurationIsVisible = 0;
			defaultConfigurationName = Release;
		};
		4169DD7C2B0676FA000F7AAA /* Build configuration list for PBXNativeTarget "audioAppUITests" */ = {
			isa = XCConfigurationList;
			buildConfigurations = (
				4169DD7D2B0676FA000F7AAA /* Debug */,
				4169DD7E2B0676FA000F7AAA /* Release */,
			);
			defaultConfigurationIsVisible = 0;
			defaultConfigurationName = Release;
		};
/* End XCConfigurationList section */
	};
	rootObject = 4169DD4A2B0676F8000F7AAA /* Project object */;
}
