// !$*UTF8*$!
{
	archiveVersion = 1;
	classes = {
	};
	objectVersion = 56;
	objects = {

/* Begin PBXBuildFile section */
		8844AD9E2AFC933A00D86601 /* rekordApp.swift in Sources */ = {isa = PBXBuildFile; fileRef = 8844AD9D2AFC933A00D86601 /* rekordApp.swift */; };
		8844ADA02AFC933A00D86601 /* ContentView.swift in Sources */ = {isa = PBXBuildFile; fileRef = 8844AD9F2AFC933A00D86601 /* ContentView.swift */; };
		8844ADA22AFC933A00D86601 /* Item.swift in Sources */ = {isa = PBXBuildFile; fileRef = 8844ADA12AFC933A00D86601 /* Item.swift */; };
		8844ADA42AFC933C00D86601 /* Assets.xcassets in Resources */ = {isa = PBXBuildFile; fileRef = 8844ADA32AFC933C00D86601 /* Assets.xcassets */; };
		8844ADA72AFC933C00D86601 /* Preview Assets.xcassets in Resources */ = {isa = PBXBuildFile; fileRef = 8844ADA62AFC933C00D86601 /* Preview Assets.xcassets */; };
		8844ADB12AFC933C00D86601 /* rekordTests.swift in Sources */ = {isa = PBXBuildFile; fileRef = 8844ADB02AFC933C00D86601 /* rekordTests.swift */; };
		8844ADBB2AFC933C00D86601 /* rekordUITests.swift in Sources */ = {isa = PBXBuildFile; fileRef = 8844ADBA2AFC933C00D86601 /* rekordUITests.swift */; };
		8844ADBD2AFC933C00D86601 /* rekordUITestsLaunchTests.swift in Sources */ = {isa = PBXBuildFile; fileRef = 8844ADBC2AFC933C00D86601 /* rekordUITestsLaunchTests.swift */; };
/* End PBXBuildFile section */

/* Begin PBXContainerItemProxy section */
		8844ADAD2AFC933C00D86601 /* PBXContainerItemProxy */ = {
			isa = PBXContainerItemProxy;
			containerPortal = 8844AD922AFC933A00D86601 /* Project object */;
			proxyType = 1;
			remoteGlobalIDString = 8844AD992AFC933A00D86601;
			remoteInfo = rekord;
		};
		8844ADB72AFC933C00D86601 /* PBXContainerItemProxy */ = {
			isa = PBXContainerItemProxy;
			containerPortal = 8844AD922AFC933A00D86601 /* Project object */;
			proxyType = 1;
			remoteGlobalIDString = 8844AD992AFC933A00D86601;
			remoteInfo = rekord;
		};
/* End PBXContainerItemProxy section */

/* Begin PBXFileReference section */
		8844AD9A2AFC933A00D86601 /* rekord.app */ = {isa = PBXFileReference; explicitFileType = wrapper.application; includeInIndex = 0; path = rekord.app; sourceTree = BUILT_PRODUCTS_DIR; };
		8844AD9D2AFC933A00D86601 /* rekordApp.swift */ = {isa = PBXFileReference; lastKnownFileType = sourcecode.swift; path = rekordApp.swift; sourceTree = "<group>"; };
		8844AD9F2AFC933A00D86601 /* ContentView.swift */ = {isa = PBXFileReference; lastKnownFileType = sourcecode.swift; path = ContentView.swift; sourceTree = "<group>"; };
		8844ADA12AFC933A00D86601 /* Item.swift */ = {isa = PBXFileReference; lastKnownFileType = sourcecode.swift; path = Item.swift; sourceTree = "<group>"; };
		8844ADA32AFC933C00D86601 /* Assets.xcassets */ = {isa = PBXFileReference; lastKnownFileType = folder.assetcatalog; path = Assets.xcassets; sourceTree = "<group>"; };
		8844ADA62AFC933C00D86601 /* Preview Assets.xcassets */ = {isa = PBXFileReference; lastKnownFileType = folder.assetcatalog; path = "Preview Assets.xcassets"; sourceTree = "<group>"; };
		8844ADAC2AFC933C00D86601 /* rekordTests.xctest */ = {isa = PBXFileReference; explicitFileType = wrapper.cfbundle; includeInIndex = 0; path = rekordTests.xctest; sourceTree = BUILT_PRODUCTS_DIR; };
		8844ADB02AFC933C00D86601 /* rekordTests.swift */ = {isa = PBXFileReference; lastKnownFileType = sourcecode.swift; path = rekordTests.swift; sourceTree = "<group>"; };
		8844ADB62AFC933C00D86601 /* rekordUITests.xctest */ = {isa = PBXFileReference; explicitFileType = wrapper.cfbundle; includeInIndex = 0; path = rekordUITests.xctest; sourceTree = BUILT_PRODUCTS_DIR; };
		8844ADBA2AFC933C00D86601 /* rekordUITests.swift */ = {isa = PBXFileReference; lastKnownFileType = sourcecode.swift; path = rekordUITests.swift; sourceTree = "<group>"; };
		8844ADBC2AFC933C00D86601 /* rekordUITestsLaunchTests.swift */ = {isa = PBXFileReference; lastKnownFileType = sourcecode.swift; path = rekordUITestsLaunchTests.swift; sourceTree = "<group>"; };
/* End PBXFileReference section */

/* Begin PBXFrameworksBuildPhase section */
		8844AD972AFC933A00D86601 /* Frameworks */ = {
			isa = PBXFrameworksBuildPhase;
			buildActionMask = 2147483647;
			files = (
			);
			runOnlyForDeploymentPostprocessing = 0;
		};
		8844ADA92AFC933C00D86601 /* Frameworks */ = {
			isa = PBXFrameworksBuildPhase;
			buildActionMask = 2147483647;
			files = (
			);
			runOnlyForDeploymentPostprocessing = 0;
		};
		8844ADB32AFC933C00D86601 /* Frameworks */ = {
			isa = PBXFrameworksBuildPhase;
			buildActionMask = 2147483647;
			files = (
			);
			runOnlyForDeploymentPostprocessing = 0;
		};
/* End PBXFrameworksBuildPhase section */

/* Begin PBXGroup section */
		8844AD912AFC933A00D86601 = {
			isa = PBXGroup;
			children = (
				8844AD9C2AFC933A00D86601 /* rekord */,
				8844ADAF2AFC933C00D86601 /* rekordTests */,
				8844ADB92AFC933C00D86601 /* rekordUITests */,
				8844AD9B2AFC933A00D86601 /* Products */,
			);
			sourceTree = "<group>";
		};
		8844AD9B2AFC933A00D86601 /* Products */ = {
			isa = PBXGroup;
			children = (
				8844AD9A2AFC933A00D86601 /* rekord.app */,
				8844ADAC2AFC933C00D86601 /* rekordTests.xctest */,
				8844ADB62AFC933C00D86601 /* rekordUITests.xctest */,
			);
			name = Products;
			sourceTree = "<group>";
		};
		8844AD9C2AFC933A00D86601 /* rekord */ = {
			isa = PBXGroup;
			children = (
				8844AD9D2AFC933A00D86601 /* rekordApp.swift */,
				8844AD9F2AFC933A00D86601 /* ContentView.swift */,
				8844ADA12AFC933A00D86601 /* Item.swift */,
				8844ADA32AFC933C00D86601 /* Assets.xcassets */,
				8844ADA52AFC933C00D86601 /* Preview Content */,
			);
			path = rekord;
			sourceTree = "<group>";
		};
		8844ADA52AFC933C00D86601 /* Preview Content */ = {
			isa = PBXGroup;
			children = (
				8844ADA62AFC933C00D86601 /* Preview Assets.xcassets */,
			);
			path = "Preview Content";
			sourceTree = "<group>";
		};
		8844ADAF2AFC933C00D86601 /* rekordTests */ = {
			isa = PBXGroup;
			children = (
				8844ADB02AFC933C00D86601 /* rekordTests.swift */,
			);
			path = rekordTests;
			sourceTree = "<group>";
		};
		8844ADB92AFC933C00D86601 /* rekordUITests */ = {
			isa = PBXGroup;
			children = (
				8844ADBA2AFC933C00D86601 /* rekordUITests.swift */,
				8844ADBC2AFC933C00D86601 /* rekordUITestsLaunchTests.swift */,
			);
			path = rekordUITests;
			sourceTree = "<group>";
		};
/* End PBXGroup section */

/* Begin PBXNativeTarget section */
		8844AD992AFC933A00D86601 /* rekord */ = {
			isa = PBXNativeTarget;
			buildConfigurationList = 8844ADC02AFC933C00D86601 /* Build configuration list for PBXNativeTarget "rekord" */;
			buildPhases = (
				8844AD962AFC933A00D86601 /* Sources */,
				8844AD972AFC933A00D86601 /* Frameworks */,
				8844AD982AFC933A00D86601 /* Resources */,
			);
			buildRules = (
			);
			dependencies = (
			);
			name = rekord;
			productName = rekord;
			productReference = 8844AD9A2AFC933A00D86601 /* rekord.app */;
			productType = "com.apple.product-type.application";
		};
		8844ADAB2AFC933C00D86601 /* rekordTests */ = {
			isa = PBXNativeTarget;
			buildConfigurationList = 8844ADC32AFC933C00D86601 /* Build configuration list for PBXNativeTarget "rekordTests" */;
			buildPhases = (
				8844ADA82AFC933C00D86601 /* Sources */,
				8844ADA92AFC933C00D86601 /* Frameworks */,
				8844ADAA2AFC933C00D86601 /* Resources */,
			);
			buildRules = (
			);
			dependencies = (
				8844ADAE2AFC933C00D86601 /* PBXTargetDependency */,
			);
			name = rekordTests;
			productName = rekordTests;
			productReference = 8844ADAC2AFC933C00D86601 /* rekordTests.xctest */;
			productType = "com.apple.product-type.bundle.unit-test";
		};
		8844ADB52AFC933C00D86601 /* rekordUITests */ = {
			isa = PBXNativeTarget;
			buildConfigurationList = 8844ADC62AFC933C00D86601 /* Build configuration list for PBXNativeTarget "rekordUITests" */;
			buildPhases = (
				8844ADB22AFC933C00D86601 /* Sources */,
				8844ADB32AFC933C00D86601 /* Frameworks */,
				8844ADB42AFC933C00D86601 /* Resources */,
			);
			buildRules = (
			);
			dependencies = (
				8844ADB82AFC933C00D86601 /* PBXTargetDependency */,
			);
			name = rekordUITests;
			productName = rekordUITests;
			productReference = 8844ADB62AFC933C00D86601 /* rekordUITests.xctest */;
			productType = "com.apple.product-type.bundle.ui-testing";
		};
/* End PBXNativeTarget section */

/* Begin PBXProject section */
		8844AD922AFC933A00D86601 /* Project object */ = {
			isa = PBXProject;
			attributes = {
				BuildIndependentTargetsInParallel = 1;
				LastSwiftUpdateCheck = 1500;
				LastUpgradeCheck = 1500;
				TargetAttributes = {
					8844AD992AFC933A00D86601 = {
						CreatedOnToolsVersion = 15.0.1;
					};
					8844ADAB2AFC933C00D86601 = {
						CreatedOnToolsVersion = 15.0.1;
						TestTargetID = 8844AD992AFC933A00D86601;
					};
					8844ADB52AFC933C00D86601 = {
						CreatedOnToolsVersion = 15.0.1;
						TestTargetID = 8844AD992AFC933A00D86601;
					};
				};
			};
			buildConfigurationList = 8844AD952AFC933A00D86601 /* Build configuration list for PBXProject "rekord" */;
			compatibilityVersion = "Xcode 14.0";
			developmentRegion = en;
			hasScannedForEncodings = 0;
			knownRegions = (
				en,
				Base,
			);
			mainGroup = 8844AD912AFC933A00D86601;
			productRefGroup = 8844AD9B2AFC933A00D86601 /* Products */;
			projectDirPath = "";
			projectRoot = "";
			targets = (
				8844AD992AFC933A00D86601 /* rekord */,
				8844ADAB2AFC933C00D86601 /* rekordTests */,
				8844ADB52AFC933C00D86601 /* rekordUITests */,
			);
		};
/* End PBXProject section */

/* Begin PBXResourcesBuildPhase section */
		8844AD982AFC933A00D86601 /* Resources */ = {
			isa = PBXResourcesBuildPhase;
			buildActionMask = 2147483647;
			files = (
				8844ADA72AFC933C00D86601 /* Preview Assets.xcassets in Resources */,
				8844ADA42AFC933C00D86601 /* Assets.xcassets in Resources */,
			);
			runOnlyForDeploymentPostprocessing = 0;
		};
		8844ADAA2AFC933C00D86601 /* Resources */ = {
			isa = PBXResourcesBuildPhase;
			buildActionMask = 2147483647;
			files = (
			);
			runOnlyForDeploymentPostprocessing = 0;
		};
		8844ADB42AFC933C00D86601 /* Resources */ = {
			isa = PBXResourcesBuildPhase;
			buildActionMask = 2147483647;
			files = (
			);
			runOnlyForDeploymentPostprocessing = 0;
		};
/* End PBXResourcesBuildPhase section */

/* Begin PBXSourcesBuildPhase section */
		8844AD962AFC933A00D86601 /* Sources */ = {
			isa = PBXSourcesBuildPhase;
			buildActionMask = 2147483647;
			files = (
				8844ADA02AFC933A00D86601 /* ContentView.swift in Sources */,
				8844ADA22AFC933A00D86601 /* Item.swift in Sources */,
				8844AD9E2AFC933A00D86601 /* rekordApp.swift in Sources */,
			);
			runOnlyForDeploymentPostprocessing = 0;
		};
		8844ADA82AFC933C00D86601 /* Sources */ = {
			isa = PBXSourcesBuildPhase;
			buildActionMask = 2147483647;
			files = (
				8844ADB12AFC933C00D86601 /* rekordTests.swift in Sources */,
			);
			runOnlyForDeploymentPostprocessing = 0;
		};
		8844ADB22AFC933C00D86601 /* Sources */ = {
			isa = PBXSourcesBuildPhase;
			buildActionMask = 2147483647;
			files = (
				8844ADBB2AFC933C00D86601 /* rekordUITests.swift in Sources */,
				8844ADBD2AFC933C00D86601 /* rekordUITestsLaunchTests.swift in Sources */,
			);
			runOnlyForDeploymentPostprocessing = 0;
		};
/* End PBXSourcesBuildPhase section */

/* Begin PBXTargetDependency section */
		8844ADAE2AFC933C00D86601 /* PBXTargetDependency */ = {
			isa = PBXTargetDependency;
			target = 8844AD992AFC933A00D86601 /* rekord */;
			targetProxy = 8844ADAD2AFC933C00D86601 /* PBXContainerItemProxy */;
		};
		8844ADB82AFC933C00D86601 /* PBXTargetDependency */ = {
			isa = PBXTargetDependency;
			target = 8844AD992AFC933A00D86601 /* rekord */;
			targetProxy = 8844ADB72AFC933C00D86601 /* PBXContainerItemProxy */;
		};
/* End PBXTargetDependency section */

/* Begin XCBuildConfiguration section */
		8844ADBE2AFC933C00D86601 /* Debug */ = {
			isa = XCBuildConfiguration;
			buildSettings = {
				ALWAYS_SEARCH_USER_PATHS = NO;
				ASSETCATALOG_COMPILER_GENERATE_SWIFT_ASSET_SYMBOL_EXTENSIONS = YES;
				CLANG_ANALYZER_NONNULL = YES;
				CLANG_ANALYZER_NUMBER_OBJECT_CONVERSION = YES_AGGRESSIVE;
				CLANG_CXX_LANGUAGE_STANDARD = "gnu++20";
				CLANG_ENABLE_MODULES = YES;
				CLANG_ENABLE_OBJC_ARC = YES;
				CLANG_ENABLE_OBJC_WEAK = YES;
				CLANG_WARN_BLOCK_CAPTURE_AUTORELEASING = YES;
				CLANG_WARN_BOOL_CONVERSION = YES;
				CLANG_WARN_COMMA = YES;
				CLANG_WARN_CONSTANT_CONVERSION = YES;
				CLANG_WARN_DEPRECATED_OBJC_IMPLEMENTATIONS = YES;
				CLANG_WARN_DIRECT_OBJC_ISA_USAGE = YES_ERROR;
				CLANG_WARN_DOCUMENTATION_COMMENTS = YES;
				CLANG_WARN_EMPTY_BODY = YES;
				CLANG_WARN_ENUM_CONVERSION = YES;
				CLANG_WARN_INFINITE_RECURSION = YES;
				CLANG_WARN_INT_CONVERSION = YES;
				CLANG_WARN_NON_LITERAL_NULL_CONVERSION = YES;
				CLANG_WARN_OBJC_IMPLICIT_RETAIN_SELF = YES;
				CLANG_WARN_OBJC_LITERAL_CONVERSION = YES;
				CLANG_WARN_OBJC_ROOT_CLASS = YES_ERROR;
				CLANG_WARN_QUOTED_INCLUDE_IN_FRAMEWORK_HEADER = YES;
				CLANG_WARN_RANGE_LOOP_ANALYSIS = YES;
				CLANG_WARN_STRICT_PROTOTYPES = YES;
				CLANG_WARN_SUSPICIOUS_MOVE = YES;
				CLANG_WARN_UNGUARDED_AVAILABILITY = YES_AGGRESSIVE;
				CLANG_WARN_UNREACHABLE_CODE = YES;
				CLANG_WARN__DUPLICATE_METHOD_MATCH = YES;
				COPY_PHASE_STRIP = NO;
				DEBUG_INFORMATION_FORMAT = dwarf;
				ENABLE_STRICT_OBJC_MSGSEND = YES;
				ENABLE_TESTABILITY = YES;
				ENABLE_USER_SCRIPT_SANDBOXING = YES;
				GCC_C_LANGUAGE_STANDARD = gnu17;
				GCC_DYNAMIC_NO_PIC = NO;
				GCC_NO_COMMON_BLOCKS = YES;
				GCC_OPTIMIZATION_LEVEL = 0;
				GCC_PREPROCESSOR_DEFINITIONS = (
					"DEBUG=1",
					"$(inherited)",
				);
				GCC_WARN_64_TO_32_BIT_CONVERSION = YES;
				GCC_WARN_ABOUT_RETURN_TYPE = YES_ERROR;
				GCC_WARN_UNDECLARED_SELECTOR = YES;
				GCC_WARN_UNINITIALIZED_AUTOS = YES_AGGRESSIVE;
				GCC_WARN_UNUSED_FUNCTION = YES;
				GCC_WARN_UNUSED_VARIABLE = YES;
				IPHONEOS_DEPLOYMENT_TARGET = 17.0;
				LOCALIZATION_PREFERS_STRING_CATALOGS = YES;
				MTL_ENABLE_DEBUG_INFO = INCLUDE_SOURCE;
				MTL_FAST_MATH = YES;
				ONLY_ACTIVE_ARCH = YES;
				SDKROOT = iphoneos;
				SWIFT_ACTIVE_COMPILATION_CONDITIONS = "DEBUG $(inherited)";
				SWIFT_OPTIMIZATION_LEVEL = "-Onone";
			};
			name = Debug;
		};
		8844ADBF2AFC933C00D86601 /* Release */ = {
			isa = XCBuildConfiguration;
			buildSettings = {
				ALWAYS_SEARCH_USER_PATHS = NO;
				ASSETCATALOG_COMPILER_GENERATE_SWIFT_ASSET_SYMBOL_EXTENSIONS = YES;
				CLANG_ANALYZER_NONNULL = YES;
				CLANG_ANALYZER_NUMBER_OBJECT_CONVERSION = YES_AGGRESSIVE;
				CLANG_CXX_LANGUAGE_STANDARD = "gnu++20";
				CLANG_ENABLE_MODULES = YES;
				CLANG_ENABLE_OBJC_ARC = YES;
				CLANG_ENABLE_OBJC_WEAK = YES;
				CLANG_WARN_BLOCK_CAPTURE_AUTORELEASING = YES;
				CLANG_WARN_BOOL_CONVERSION = YES;
				CLANG_WARN_COMMA = YES;
				CLANG_WARN_CONSTANT_CONVERSION = YES;
				CLANG_WARN_DEPRECATED_OBJC_IMPLEMENTATIONS = YES;
				CLANG_WARN_DIRECT_OBJC_ISA_USAGE = YES_ERROR;
				CLANG_WARN_DOCUMENTATION_COMMENTS = YES;
				CLANG_WARN_EMPTY_BODY = YES;
				CLANG_WARN_ENUM_CONVERSION = YES;
				CLANG_WARN_INFINITE_RECURSION = YES;
				CLANG_WARN_INT_CONVERSION = YES;
				CLANG_WARN_NON_LITERAL_NULL_CONVERSION = YES;
				CLANG_WARN_OBJC_IMPLICIT_RETAIN_SELF = YES;
				CLANG_WARN_OBJC_LITERAL_CONVERSION = YES;
				CLANG_WARN_OBJC_ROOT_CLASS = YES_ERROR;
				CLANG_WARN_QUOTED_INCLUDE_IN_FRAMEWORK_HEADER = YES;
				CLANG_WARN_RANGE_LOOP_ANALYSIS = YES;
				CLANG_WARN_STRICT_PROTOTYPES = YES;
				CLANG_WARN_SUSPICIOUS_MOVE = YES;
				CLANG_WARN_UNGUARDED_AVAILABILITY = YES_AGGRESSIVE;
				CLANG_WARN_UNREACHABLE_CODE = YES;
				CLANG_WARN__DUPLICATE_METHOD_MATCH = YES;
				COPY_PHASE_STRIP = NO;
				DEBUG_INFORMATION_FORMAT = "dwarf-with-dsym";
				ENABLE_NS_ASSERTIONS = NO;
				ENABLE_STRICT_OBJC_MSGSEND = YES;
				ENABLE_USER_SCRIPT_SANDBOXING = YES;
				GCC_C_LANGUAGE_STANDARD = gnu17;
				GCC_NO_COMMON_BLOCKS = YES;
				GCC_WARN_64_TO_32_BIT_CONVERSION = YES;
				GCC_WARN_ABOUT_RETURN_TYPE = YES_ERROR;
				GCC_WARN_UNDECLARED_SELECTOR = YES;
				GCC_WARN_UNINITIALIZED_AUTOS = YES_AGGRESSIVE;
				GCC_WARN_UNUSED_FUNCTION = YES;
				GCC_WARN_UNUSED_VARIABLE = YES;
				IPHONEOS_DEPLOYMENT_TARGET = 17.0;
				LOCALIZATION_PREFERS_STRING_CATALOGS = YES;
				MTL_ENABLE_DEBUG_INFO = NO;
				MTL_FAST_MATH = YES;
				SDKROOT = iphoneos;
				SWIFT_COMPILATION_MODE = wholemodule;
				VALIDATE_PRODUCT = YES;
			};
			name = Release;
		};
		8844ADC12AFC933C00D86601 /* Debug */ = {
			isa = XCBuildConfiguration;
			buildSettings = {
				ASSETCATALOG_COMPILER_APPICON_NAME = AppIcon;
				ASSETCATALOG_COMPILER_GLOBAL_ACCENT_COLOR_NAME = AccentColor;
				CODE_SIGN_STYLE = Automatic;
				CURRENT_PROJECT_VERSION = 1;
				DEVELOPMENT_ASSET_PATHS = "\"rekord/Preview Content\"";
				DEVELOPMENT_TEAM = BH9BS3QV7C;
				ENABLE_PREVIEWS = YES;
				GENERATE_INFOPLIST_FILE = YES;
				INFOPLIST_KEY_UIApplicationSceneManifest_Generation = YES;
				INFOPLIST_KEY_UIApplicationSupportsIndirectInputEvents = YES;
				INFOPLIST_KEY_UILaunchScreen_Generation = YES;
				INFOPLIST_KEY_UISupportedInterfaceOrientations_iPad = "UIInterfaceOrientationPortrait UIInterfaceOrientationPortraitUpsideDown UIInterfaceOrientationLandscapeLeft UIInterfaceOrientationLandscapeRight";
				INFOPLIST_KEY_UISupportedInterfaceOrientations_iPhone = "UIInterfaceOrientationPortrait UIInterfaceOrientationLandscapeLeft UIInterfaceOrientationLandscapeRight";
				LD_RUNPATH_SEARCH_PATHS = (
					"$(inherited)",
					"@executable_path/Frameworks",
				);
				MARKETING_VERSION = 1.0;
				PRODUCT_BUNDLE_IDENTIFIER = adek.rekord;
				PRODUCT_NAME = "$(TARGET_NAME)";
				SWIFT_EMIT_LOC_STRINGS = YES;
				SWIFT_VERSION = 5.0;
				TARGETED_DEVICE_FAMILY = "1,2";
			};
			name = Debug;
		};
		8844ADC22AFC933C00D86601 /* Release */ = {
			isa = XCBuildConfiguration;
			buildSettings = {
				ASSETCATALOG_COMPILER_APPICON_NAME = AppIcon;
				ASSETCATALOG_COMPILER_GLOBAL_ACCENT_COLOR_NAME = AccentColor;
				CODE_SIGN_STYLE = Automatic;
				CURRENT_PROJECT_VERSION = 1;
				DEVELOPMENT_ASSET_PATHS = "\"rekord/Preview Content\"";
				DEVELOPMENT_TEAM = BH9BS3QV7C;
				ENABLE_PREVIEWS = YES;
				GENERATE_INFOPLIST_FILE = YES;
				INFOPLIST_KEY_UIApplicationSceneManifest_Generation = YES;
				INFOPLIST_KEY_UIApplicationSupportsIndirectInputEvents = YES;
				INFOPLIST_KEY_UILaunchScreen_Generation = YES;
				INFOPLIST_KEY_UISupportedInterfaceOrientations_iPad = "UIInterfaceOrientationPortrait UIInterfaceOrientationPortraitUpsideDown UIInterfaceOrientationLandscapeLeft UIInterfaceOrientationLandscapeRight";
				INFOPLIST_KEY_UISupportedInterfaceOrientations_iPhone = "UIInterfaceOrientationPortrait UIInterfaceOrientationLandscapeLeft UIInterfaceOrientationLandscapeRight";
				LD_RUNPATH_SEARCH_PATHS = (
					"$(inherited)",
					"@executable_path/Frameworks",
				);
				MARKETING_VERSION = 1.0;
				PRODUCT_BUNDLE_IDENTIFIER = adek.rekord;
				PRODUCT_NAME = "$(TARGET_NAME)";
				SWIFT_EMIT_LOC_STRINGS = YES;
				SWIFT_VERSION = 5.0;
				TARGETED_DEVICE_FAMILY = "1,2";
			};
			name = Release;
		};
		8844ADC42AFC933C00D86601 /* Debug */ = {
			isa = XCBuildConfiguration;
			buildSettings = {
				ALWAYS_EMBED_SWIFT_STANDARD_LIBRARIES = YES;
				BUNDLE_LOADER = "$(TEST_HOST)";
				CODE_SIGN_STYLE = Automatic;
				CURRENT_PROJECT_VERSION = 1;
				DEVELOPMENT_TEAM = BH9BS3QV7C;
				GENERATE_INFOPLIST_FILE = YES;
				IPHONEOS_DEPLOYMENT_TARGET = 17.0;
				MARKETING_VERSION = 1.0;
				PRODUCT_BUNDLE_IDENTIFIER = adek.rekordTests;
				PRODUCT_NAME = "$(TARGET_NAME)";
				SWIFT_EMIT_LOC_STRINGS = NO;
				SWIFT_VERSION = 5.0;
				TARGETED_DEVICE_FAMILY = "1,2";
				TEST_HOST = "$(BUILT_PRODUCTS_DIR)/rekord.app/$(BUNDLE_EXECUTABLE_FOLDER_PATH)/rekord";
			};
			name = Debug;
		};
		8844ADC52AFC933C00D86601 /* Release */ = {
			isa = XCBuildConfiguration;
			buildSettings = {
				ALWAYS_EMBED_SWIFT_STANDARD_LIBRARIES = YES;
				BUNDLE_LOADER = "$(TEST_HOST)";
				CODE_SIGN_STYLE = Automatic;
				CURRENT_PROJECT_VERSION = 1;
				DEVELOPMENT_TEAM = BH9BS3QV7C;
				GENERATE_INFOPLIST_FILE = YES;
				IPHONEOS_DEPLOYMENT_TARGET = 17.0;
				MARKETING_VERSION = 1.0;
				PRODUCT_BUNDLE_IDENTIFIER = adek.rekordTests;
				PRODUCT_NAME = "$(TARGET_NAME)";
				SWIFT_EMIT_LOC_STRINGS = NO;
				SWIFT_VERSION = 5.0;
				TARGETED_DEVICE_FAMILY = "1,2";
				TEST_HOST = "$(BUILT_PRODUCTS_DIR)/rekord.app/$(BUNDLE_EXECUTABLE_FOLDER_PATH)/rekord";
			};
			name = Release;
		};
		8844ADC72AFC933C00D86601 /* Debug */ = {
			isa = XCBuildConfiguration;
			buildSettings = {
				ALWAYS_EMBED_SWIFT_STANDARD_LIBRARIES = YES;
				CODE_SIGN_STYLE = Automatic;
				CURRENT_PROJECT_VERSION = 1;
				DEVELOPMENT_TEAM = BH9BS3QV7C;
				GENERATE_INFOPLIST_FILE = YES;
				MARKETING_VERSION = 1.0;
				PRODUCT_BUNDLE_IDENTIFIER = adek.rekordUITests;
				PRODUCT_NAME = "$(TARGET_NAME)";
				SWIFT_EMIT_LOC_STRINGS = NO;
				SWIFT_VERSION = 5.0;
				TARGETED_DEVICE_FAMILY = "1,2";
				TEST_TARGET_NAME = rekord;
			};
			name = Debug;
		};
		8844ADC82AFC933C00D86601 /* Release */ = {
			isa = XCBuildConfiguration;
			buildSettings = {
				ALWAYS_EMBED_SWIFT_STANDARD_LIBRARIES = YES;
				CODE_SIGN_STYLE = Automatic;
				CURRENT_PROJECT_VERSION = 1;
				DEVELOPMENT_TEAM = BH9BS3QV7C;
				GENERATE_INFOPLIST_FILE = YES;
				MARKETING_VERSION = 1.0;
				PRODUCT_BUNDLE_IDENTIFIER = adek.rekordUITests;
				PRODUCT_NAME = "$(TARGET_NAME)";
				SWIFT_EMIT_LOC_STRINGS = NO;
				SWIFT_VERSION = 5.0;
				TARGETED_DEVICE_FAMILY = "1,2";
				TEST_TARGET_NAME = rekord;
			};
			name = Release;
		};
/* End XCBuildConfiguration section */

/* Begin XCConfigurationList section */
		8844AD952AFC933A00D86601 /* Build configuration list for PBXProject "rekord" */ = {
			isa = XCConfigurationList;
			buildConfigurations = (
				8844ADBE2AFC933C00D86601 /* Debug */,
				8844ADBF2AFC933C00D86601 /* Release */,
			);
			defaultConfigurationIsVisible = 0;
			defaultConfigurationName = Release;
		};
		8844ADC02AFC933C00D86601 /* Build configuration list for PBXNativeTarget "rekord" */ = {
			isa = XCConfigurationList;
			buildConfigurations = (
				8844ADC12AFC933C00D86601 /* Debug */,
				8844ADC22AFC933C00D86601 /* Release */,
			);
			defaultConfigurationIsVisible = 0;
			defaultConfigurationName = Release;
		};
		8844ADC32AFC933C00D86601 /* Build configuration list for PBXNativeTarget "rekordTests" */ = {
			isa = XCConfigurationList;
			buildConfigurations = (
				8844ADC42AFC933C00D86601 /* Debug */,
				8844ADC52AFC933C00D86601 /* Release */,
			);
			defaultConfigurationIsVisible = 0;
			defaultConfigurationName = Release;
		};
		8844ADC62AFC933C00D86601 /* Build configuration list for PBXNativeTarget "rekordUITests" */ = {
			isa = XCConfigurationList;
			buildConfigurations = (
				8844ADC72AFC933C00D86601 /* Debug */,
				8844ADC82AFC933C00D86601 /* Release */,
			);
			defaultConfigurationIsVisible = 0;
			defaultConfigurationName = Release;
		};
/* End XCConfigurationList section */
	};
	rootObject = 8844AD922AFC933A00D86601 /* Project object */;
}
